
Microsoft Visual Studio Solution File, Format Version 12.00
# Visual Studio Version 17
VisualStudioVersion = 17.10.35027.167
MinimumVisualStudioVersion = 10.0.40219.1
Project("{9A19103F-16F7-4668-BE54-9A1E7A4F7556}") = "WebApplication1", "WebApplication1\WebApplication1.csproj", "{13D4300D-BADD-40F6-A733-FC4B8B7B6434}"
EndProject
Project("{FAE04EC0-301F-11D3-BF4B-00C04F79EFBC}") = "BookStore.Core", "BookStore.Core\BookStore.Core.csproj", "{BB977D0A-5A17-4819-946A-BFB232807CD5}"
EndProject
Project("{FAE04EC0-301F-11D3-BF4B-00C04F79EFBC}") = "Database_Book", "Database_Book\Database_Book.csproj", "{9F0DE982-9CD2-442D-8BF5-DDB35154CBE7}"
EndProject
Global
	GlobalSection(SolutionConfigurationPlatforms) = preSolution
		Debug|Any CPU = Debug|Any CPU
		Release|Any CPU = Release|Any CPU
	EndGlobalSection
	GlobalSection(ProjectConfigurationPlatforms) = postSolution
		{13D4300D-BADD-40F6-A733-FC4B8B7B6434}.Debug|Any CPU.ActiveCfg = Debug|Any CPU
		{13D4300D-BADD-40F6-A733-FC4B8B7B6434}.Debug|Any CPU.Build.0 = Debug|Any CPU
		{13D4300D-BADD-40F6-A733-FC4B8B7B6434}.Release|Any CPU.ActiveCfg = Release|Any CPU
		{13D4300D-BADD-40F6-A733-FC4B8B7B6434}.Release|Any CPU.Build.0 = Release|Any CPU
		{BB977D0A-5A17-4819-946A-BFB232807CD5}.Debug|Any CPU.ActiveCfg = Debug|Any CPU
		{BB977D0A-5A17-4819-946A-BFB232807CD5}.Debug|Any CPU.Build.0 = Debug|Any CPU
		{BB977D0A-5A17-4819-946A-BFB232807CD5}.Release|Any CPU.ActiveCfg = Release|Any CPU
		{BB977D0A-5A17-4819-946A-BFB232807CD5}.Release|Any CPU.Build.0 = Release|Any CPU
		{9F0DE982-9CD2-442D-8BF5-DDB35154CBE7}.Debug|Any CPU.ActiveCfg = Debug|Any CPU
		{9F0DE982-9CD2-442D-8BF5-DDB35154CBE7}.Debug|Any CPU.Build.0 = Debug|Any CPU
		{9F0DE982-9CD2-442D-8BF5-DDB35154CBE7}.Release|Any CPU.ActiveCfg = Release|Any CPU
		{9F0DE982-9CD2-442D-8BF5-DDB35154CBE7}.Release|Any CPU.Build.0 = Release|Any CPU
	EndGlobalSection
	GlobalSection(SolutionProperties) = preSolution
		HideSolutionNode = FALSE
	EndGlobalSection
	GlobalSection(ExtensibilityGlobals) = postSolution
		SolutionGuid = {B056A2C1-0FCB-426F-B957-CD3641D18C4F}
	EndGlobalSection
EndGlobal
