
Microsoft Visual Studio Solution File, Format Version 12.00
# Visual Studio Version 17
VisualStudioVersion = 17.10.35122.118
MinimumVisualStudioVersion = 10.0.40219.1
Project("{FAE04EC0-301F-11D3-BF4B-00C04F79EFBC}") = "DataBase(test)", "DataBase(test)\DataBase(test).csproj", "{10892023-D525-4D62-BB6D-4AE5B5B596F4}"
EndProject
Global
	GlobalSection(SolutionConfigurationPlatforms) = preSolution
		Debug|Any CPU = Debug|Any CPU
		Release|Any CPU = Release|Any CPU
	EndGlobalSection
	GlobalSection(ProjectConfigurationPlatforms) = postSolution
		{10892023-D525-4D62-BB6D-4AE5B5B596F4}.Debug|Any CPU.ActiveCfg = Debug|Any CPU
		{10892023-D525-4D62-BB6D-4AE5B5B596F4}.Debug|Any CPU.Build.0 = Debug|Any CPU
		{10892023-D525-4D62-BB6D-4AE5B5B596F4}.Release|Any CPU.ActiveCfg = Release|Any CPU
		{10892023-D525-4D62-BB6D-4AE5B5B596F4}.Release|Any CPU.Build.0 = Release|Any CPU
	EndGlobalSection
	GlobalSection(SolutionProperties) = preSolution
		HideSolutionNode = FALSE
	EndGlobalSection
	GlobalSection(ExtensibilityGlobals) = postSolution
		SolutionGuid = {30F1B7A3-14A1-4AA6-B11A-E124B5D7F466}
	EndGlobalSection
EndGlobal
